
Microsoft Visual Studio Solution File, Format Version 12.00
# Visual Studio Version 17
VisualStudioVersion = 17.4.33110.190
MinimumVisualStudioVersion = 10.0.40219.1
Project("{FAE04EC0-301F-11D3-BF4B-00C04F79EFBC}") = "StudentRegistationApp", "StudentRegistationApp\StudentRegistationApp.csproj", "{AB8FFBC8-83DF-4806-A307-A2C1BA65FC82}"
EndProject
Global
	GlobalSection(SolutionConfigurationPlatforms) = preSolution
		Debug|Any CPU = Debug|Any CPU
		Release|Any CPU = Release|Any CPU
	EndGlobalSection
	GlobalSection(ProjectConfigurationPlatforms) = postSolution
		{AB8FFBC8-83DF-4806-A307-A2C1BA65FC82}.Debug|Any CPU.ActiveCfg = Debug|Any CPU
		{AB8FFBC8-83DF-4806-A307-A2C1BA65FC82}.Debug|Any CPU.Build.0 = Debug|Any CPU
		{AB8FFBC8-83DF-4806-A307-A2C1BA65FC82}.Release|Any CPU.ActiveCfg = Release|Any CPU
		{AB8FFBC8-83DF-4806-A307-A2C1BA65FC82}.Release|Any CPU.Build.0 = Release|Any CPU
	EndGlobalSection
	GlobalSection(SolutionProperties) = preSolution
		HideSolutionNode = FALSE
	EndGlobalSection
	GlobalSection(ExtensibilityGlobals) = postSolution
		SolutionGuid = {7B1BEA8F-C7E3-46C5-89D8-52C7B6039D45}
	EndGlobalSection
EndGlobal
